// !$*UTF8*$!
{
	archiveVersion = 1;
	classes = {
	};
	objectVersion = 48;
	objects = {

/* Begin PBXBuildFile section */
		2745B837205762F400485E6B /* CreateCourse.storyboard in Resources */ = {isa = PBXBuildFile; fileRef = 2745B836205762F400485E6B /* CreateCourse.storyboard */; };
		2745B839205765E700485E6B /* ComponentTableViewController.swift in Sources */ = {isa = PBXBuildFile; fileRef = 2745B838205765E700485E6B /* ComponentTableViewController.swift */; };
		2745B83B2057660100485E6B /* CreateCourseViewController.swift in Sources */ = {isa = PBXBuildFile; fileRef = 2745B83A2057660100485E6B /* CreateCourseViewController.swift */; };
		275513B520534278001BDBB7 /* AppDelegate.swift in Sources */ = {isa = PBXBuildFile; fileRef = 275513B420534278001BDBB7 /* AppDelegate.swift */; };
		275513B720534278001BDBB7 /* ViewController.swift in Sources */ = {isa = PBXBuildFile; fileRef = 275513B620534278001BDBB7 /* ViewController.swift */; };
		275513BA20534278001BDBB7 /* Main.storyboard in Resources */ = {isa = PBXBuildFile; fileRef = 275513B820534278001BDBB7 /* Main.storyboard */; };
		275513BD20534278001BDBB7 /* LazyA.xcdatamodeld in Sources */ = {isa = PBXBuildFile; fileRef = 275513BB20534278001BDBB7 /* LazyA.xcdatamodeld */; };
		275513BF20534278001BDBB7 /* Assets.xcassets in Resources */ = {isa = PBXBuildFile; fileRef = 275513BE20534278001BDBB7 /* Assets.xcassets */; };
		275513C220534278001BDBB7 /* LaunchScreen.storyboard in Resources */ = {isa = PBXBuildFile; fileRef = 275513C020534278001BDBB7 /* LaunchScreen.storyboard */; };
		275513CD20534278001BDBB7 /* LazyATests.swift in Sources */ = {isa = PBXBuildFile; fileRef = 275513CC20534278001BDBB7 /* LazyATests.swift */; };
		275513D820534278001BDBB7 /* LazyAUITests.swift in Sources */ = {isa = PBXBuildFile; fileRef = 275513D720534278001BDBB7 /* LazyAUITests.swift */; };
		275513E720534348001BDBB7 /* Assignment.swift in Sources */ = {isa = PBXBuildFile; fileRef = 275513E620534348001BDBB7 /* Assignment.swift */; };
		275513EB20534642001BDBB7 /* Course.swift in Sources */ = {isa = PBXBuildFile; fileRef = 275513EA20534642001BDBB7 /* Course.swift */; };
		275513EE20534815001BDBB7 /* CreateCourseViewModel2.swift in Sources */ = {isa = PBXBuildFile; fileRef = 275513ED20534815001BDBB7 /* CreateCourseViewModel2.swift */; };
		275D69CA20771B0D000F36DF /* Component.swift in Sources */ = {isa = PBXBuildFile; fileRef = 275D69C920771B0D000F36DF /* Component.swift */; };
		276EB4222081AA9D00EA86D7 /* AppStrings.swift in Sources */ = {isa = PBXBuildFile; fileRef = 276EB4212081AA9D00EA86D7 /* AppStrings.swift */; };
		2773D163207826CA00E9B130 /* ViewControllerExtensions.swift in Sources */ = {isa = PBXBuildFile; fileRef = 2773D162207826CA00E9B130 /* ViewControllerExtensions.swift */; };
		2784B76520784C92004FE786 /* CreateComponentViewController.swift in Sources */ = {isa = PBXBuildFile; fileRef = 2784B76420784C92004FE786 /* CreateComponentViewController.swift */; };
		2784B76920784D2F004FE786 /* CreateComponentViewModel.swift in Sources */ = {isa = PBXBuildFile; fileRef = 2784B76820784D2F004FE786 /* CreateComponentViewModel.swift */; };
		2784B76B20785C11004FE786 /* ComponentTableViewCell.swift in Sources */ = {isa = PBXBuildFile; fileRef = 2784B76A20785C11004FE786 /* ComponentTableViewCell.swift */; };
		27D6CCEA20781F8900EB1DAA /* CreateCourseTableViewController.swift in Sources */ = {isa = PBXBuildFile; fileRef = 27D6CCE920781F8900EB1DAA /* CreateCourseTableViewController.swift */; };
		27D6CCEC207820B600EB1DAA /* CreateCoursesViewModel.swift in Sources */ = {isa = PBXBuildFile; fileRef = 27D6CCEB207820B600EB1DAA /* CreateCoursesViewModel.swift */; };
		27E3005E208407F700528725 /* HomeMenu.storyboard in Resources */ = {isa = PBXBuildFile; fileRef = 27E3005D208407F700528725 /* HomeMenu.storyboard */; };
		27E3006220840CE100528725 /* HomeMenuViewController.swift in Sources */ = {isa = PBXBuildFile; fileRef = 27E3006120840CE100528725 /* HomeMenuViewController.swift */; };
		27E3006420840D4D00528725 /* HomeMenuViewModel.swift in Sources */ = {isa = PBXBuildFile; fileRef = 27E3006320840D4D00528725 /* HomeMenuViewModel.swift */; };
		27FDB3242077033C00DABF0A /* UserInfo.swift in Sources */ = {isa = PBXBuildFile; fileRef = 27FDB3232077033C00DABF0A /* UserInfo.swift */; };
		27FDB32620770C0200DABF0A /* Models.swift in Sources */ = {isa = PBXBuildFile; fileRef = 27FDB32520770C0200DABF0A /* Models.swift */; };
		2AF21C2D5B1DC88F17F7607E /* Pods_LazyA.framework in Frameworks */ = {isa = PBXBuildFile; fileRef = A29D1E6FB6FC3BD4B66DC297 /* Pods_LazyA.framework */; };
		99EFE4DFABB192CC453330A7 /* Pods_LazyAUITests.framework in Frameworks */ = {isa = PBXBuildFile; fileRef = D1939A2EE4A480FE33D37029 /* Pods_LazyAUITests.framework */; };
		CDDD842A74035AE4435B2A2F /* Pods_LazyATests.framework in Frameworks */ = {isa = PBXBuildFile; fileRef = 5717CD681021C81B91FB8DE3 /* Pods_LazyATests.framework */; };
/* End PBXBuildFile section */

/* Begin PBXContainerItemProxy section */
		275513C920534278001BDBB7 /* PBXContainerItemProxy */ = {
			isa = PBXContainerItemProxy;
			containerPortal = 275513A920534278001BDBB7 /* Project object */;
			proxyType = 1;
			remoteGlobalIDString = 275513B020534278001BDBB7;
			remoteInfo = LazyA;
		};
		275513D420534278001BDBB7 /* PBXContainerItemProxy */ = {
			isa = PBXContainerItemProxy;
			containerPortal = 275513A920534278001BDBB7 /* Project object */;
			proxyType = 1;
			remoteGlobalIDString = 275513B020534278001BDBB7;
			remoteInfo = LazyA;
		};
/* End PBXContainerItemProxy section */

/* Begin PBXFileReference section */
		1BFE0D6B348A35E33C2F2A1A /* Pods-LazyA.debug.xcconfig */ = {isa = PBXFileReference; includeInIndex = 1; lastKnownFileType = text.xcconfig; name = "Pods-LazyA.debug.xcconfig"; path = "Pods/Target Support Files/Pods-LazyA/Pods-LazyA.debug.xcconfig"; sourceTree = "<group>"; };
		2745B836205762F400485E6B /* CreateCourse.storyboard */ = {isa = PBXFileReference; lastKnownFileType = file.storyboard; path = CreateCourse.storyboard; sourceTree = "<group>"; };
		2745B838205765E700485E6B /* ComponentTableViewController.swift */ = {isa = PBXFileReference; lastKnownFileType = sourcecode.swift; path = ComponentTableViewController.swift; sourceTree = "<group>"; };
		2745B83A2057660100485E6B /* CreateCourseViewController.swift */ = {isa = PBXFileReference; lastKnownFileType = sourcecode.swift; path = CreateCourseViewController.swift; sourceTree = "<group>"; };
		275513B120534278001BDBB7 /* LazyA.app */ = {isa = PBXFileReference; explicitFileType = wrapper.application; includeInIndex = 0; path = LazyA.app; sourceTree = BUILT_PRODUCTS_DIR; };
		275513B420534278001BDBB7 /* AppDelegate.swift */ = {isa = PBXFileReference; lastKnownFileType = sourcecode.swift; path = AppDelegate.swift; sourceTree = "<group>"; };
		275513B620534278001BDBB7 /* ViewController.swift */ = {isa = PBXFileReference; lastKnownFileType = sourcecode.swift; path = ViewController.swift; sourceTree = "<group>"; };
		275513B920534278001BDBB7 /* Base */ = {isa = PBXFileReference; lastKnownFileType = file.storyboard; name = Base; path = Base.lproj/Main.storyboard; sourceTree = "<group>"; };
		275513BC20534278001BDBB7 /* LazyA.xcdatamodel */ = {isa = PBXFileReference; lastKnownFileType = wrapper.xcdatamodel; path = LazyA.xcdatamodel; sourceTree = "<group>"; };
		275513BE20534278001BDBB7 /* Assets.xcassets */ = {isa = PBXFileReference; lastKnownFileType = folder.assetcatalog; path = Assets.xcassets; sourceTree = "<group>"; };
		275513C120534278001BDBB7 /* Base */ = {isa = PBXFileReference; lastKnownFileType = file.storyboard; name = Base; path = Base.lproj/LaunchScreen.storyboard; sourceTree = "<group>"; };
		275513C320534278001BDBB7 /* Info.plist */ = {isa = PBXFileReference; lastKnownFileType = text.plist.xml; path = Info.plist; sourceTree = "<group>"; };
		275513C820534278001BDBB7 /* LazyATests.xctest */ = {isa = PBXFileReference; explicitFileType = wrapper.cfbundle; includeInIndex = 0; path = LazyATests.xctest; sourceTree = BUILT_PRODUCTS_DIR; };
		275513CC20534278001BDBB7 /* LazyATests.swift */ = {isa = PBXFileReference; lastKnownFileType = sourcecode.swift; path = LazyATests.swift; sourceTree = "<group>"; };
		275513CE20534278001BDBB7 /* Info.plist */ = {isa = PBXFileReference; lastKnownFileType = text.plist.xml; path = Info.plist; sourceTree = "<group>"; };
		275513D320534278001BDBB7 /* LazyAUITests.xctest */ = {isa = PBXFileReference; explicitFileType = wrapper.cfbundle; includeInIndex = 0; path = LazyAUITests.xctest; sourceTree = BUILT_PRODUCTS_DIR; };
		275513D720534278001BDBB7 /* LazyAUITests.swift */ = {isa = PBXFileReference; lastKnownFileType = sourcecode.swift; path = LazyAUITests.swift; sourceTree = "<group>"; };
		275513D920534278001BDBB7 /* Info.plist */ = {isa = PBXFileReference; lastKnownFileType = text.plist.xml; path = Info.plist; sourceTree = "<group>"; };
		275513E620534348001BDBB7 /* Assignment.swift */ = {isa = PBXFileReference; lastKnownFileType = sourcecode.swift; path = Assignment.swift; sourceTree = "<group>"; };
		275513EA20534642001BDBB7 /* Course.swift */ = {isa = PBXFileReference; lastKnownFileType = sourcecode.swift; path = Course.swift; sourceTree = "<group>"; };
		275513ED20534815001BDBB7 /* CreateCourseViewModel2.swift */ = {isa = PBXFileReference; lastKnownFileType = sourcecode.swift; path = CreateCourseViewModel2.swift; sourceTree = "<group>"; };
		275D69C920771B0D000F36DF /* Component.swift */ = {isa = PBXFileReference; lastKnownFileType = sourcecode.swift; path = Component.swift; sourceTree = "<group>"; };
		276EB4212081AA9D00EA86D7 /* AppStrings.swift */ = {isa = PBXFileReference; lastKnownFileType = sourcecode.swift; path = AppStrings.swift; sourceTree = "<group>"; };
		2773D162207826CA00E9B130 /* ViewControllerExtensions.swift */ = {isa = PBXFileReference; lastKnownFileType = sourcecode.swift; path = ViewControllerExtensions.swift; sourceTree = "<group>"; };
		2784B76420784C92004FE786 /* CreateComponentViewController.swift */ = {isa = PBXFileReference; lastKnownFileType = sourcecode.swift; path = CreateComponentViewController.swift; sourceTree = "<group>"; };
		2784B76820784D2F004FE786 /* CreateComponentViewModel.swift */ = {isa = PBXFileReference; lastKnownFileType = sourcecode.swift; path = CreateComponentViewModel.swift; sourceTree = "<group>"; };
		2784B76A20785C11004FE786 /* ComponentTableViewCell.swift */ = {isa = PBXFileReference; lastKnownFileType = sourcecode.swift; path = ComponentTableViewCell.swift; sourceTree = "<group>"; };
		27D6CCE920781F8900EB1DAA /* CreateCourseTableViewController.swift */ = {isa = PBXFileReference; lastKnownFileType = sourcecode.swift; path = CreateCourseTableViewController.swift; sourceTree = "<group>"; };
		27D6CCEB207820B600EB1DAA /* CreateCoursesViewModel.swift */ = {isa = PBXFileReference; lastKnownFileType = sourcecode.swift; path = CreateCoursesViewModel.swift; sourceTree = "<group>"; };
		27E3005D208407F700528725 /* HomeMenu.storyboard */ = {isa = PBXFileReference; lastKnownFileType = file.storyboard; path = HomeMenu.storyboard; sourceTree = "<group>"; };
		27E3006120840CE100528725 /* HomeMenuViewController.swift */ = {isa = PBXFileReference; lastKnownFileType = sourcecode.swift; path = HomeMenuViewController.swift; sourceTree = "<group>"; };
		27E3006320840D4D00528725 /* HomeMenuViewModel.swift */ = {isa = PBXFileReference; lastKnownFileType = sourcecode.swift; path = HomeMenuViewModel.swift; sourceTree = "<group>"; };
		27FDB3232077033C00DABF0A /* UserInfo.swift */ = {isa = PBXFileReference; lastKnownFileType = sourcecode.swift; path = UserInfo.swift; sourceTree = "<group>"; };
		27FDB32520770C0200DABF0A /* Models.swift */ = {isa = PBXFileReference; lastKnownFileType = sourcecode.swift; path = Models.swift; sourceTree = "<group>"; };
		3A287E03A66E89436E0A98C1 /* Pods-LazyAUITests.debug.xcconfig */ = {isa = PBXFileReference; includeInIndex = 1; lastKnownFileType = text.xcconfig; name = "Pods-LazyAUITests.debug.xcconfig"; path = "Pods/Target Support Files/Pods-LazyAUITests/Pods-LazyAUITests.debug.xcconfig"; sourceTree = "<group>"; };
		5717CD681021C81B91FB8DE3 /* Pods_LazyATests.framework */ = {isa = PBXFileReference; explicitFileType = wrapper.framework; includeInIndex = 0; path = Pods_LazyATests.framework; sourceTree = BUILT_PRODUCTS_DIR; };
		6BAE4D3DC6BFD059A2C25B5C /* Pods-LazyATests.release.xcconfig */ = {isa = PBXFileReference; includeInIndex = 1; lastKnownFileType = text.xcconfig; name = "Pods-LazyATests.release.xcconfig"; path = "Pods/Target Support Files/Pods-LazyATests/Pods-LazyATests.release.xcconfig"; sourceTree = "<group>"; };
		7D0317FF77A7FA5E55393431 /* Pods-LazyAUITests.release.xcconfig */ = {isa = PBXFileReference; includeInIndex = 1; lastKnownFileType = text.xcconfig; name = "Pods-LazyAUITests.release.xcconfig"; path = "Pods/Target Support Files/Pods-LazyAUITests/Pods-LazyAUITests.release.xcconfig"; sourceTree = "<group>"; };
		9E1F2EF94EF40F39E41197A7 /* Pods-LazyATests.debug.xcconfig */ = {isa = PBXFileReference; includeInIndex = 1; lastKnownFileType = text.xcconfig; name = "Pods-LazyATests.debug.xcconfig"; path = "Pods/Target Support Files/Pods-LazyATests/Pods-LazyATests.debug.xcconfig"; sourceTree = "<group>"; };
		A29D1E6FB6FC3BD4B66DC297 /* Pods_LazyA.framework */ = {isa = PBXFileReference; explicitFileType = wrapper.framework; includeInIndex = 0; path = Pods_LazyA.framework; sourceTree = BUILT_PRODUCTS_DIR; };
		B58AEB8E5B993074D19322E1 /* Pods-LazyA.release.xcconfig */ = {isa = PBXFileReference; includeInIndex = 1; lastKnownFileType = text.xcconfig; name = "Pods-LazyA.release.xcconfig"; path = "Pods/Target Support Files/Pods-LazyA/Pods-LazyA.release.xcconfig"; sourceTree = "<group>"; };
		D1939A2EE4A480FE33D37029 /* Pods_LazyAUITests.framework */ = {isa = PBXFileReference; explicitFileType = wrapper.framework; includeInIndex = 0; path = Pods_LazyAUITests.framework; sourceTree = BUILT_PRODUCTS_DIR; };
/* End PBXFileReference section */

/* Begin PBXFrameworksBuildPhase section */
		275513AE20534278001BDBB7 /* Frameworks */ = {
			isa = PBXFrameworksBuildPhase;
			buildActionMask = 2147483647;
			files = (
				2AF21C2D5B1DC88F17F7607E /* Pods_LazyA.framework in Frameworks */,
			);
			runOnlyForDeploymentPostprocessing = 0;
		};
		275513C520534278001BDBB7 /* Frameworks */ = {
			isa = PBXFrameworksBuildPhase;
			buildActionMask = 2147483647;
			files = (
				CDDD842A74035AE4435B2A2F /* Pods_LazyATests.framework in Frameworks */,
			);
			runOnlyForDeploymentPostprocessing = 0;
		};
		275513D020534278001BDBB7 /* Frameworks */ = {
			isa = PBXFrameworksBuildPhase;
			buildActionMask = 2147483647;
			files = (
				99EFE4DFABB192CC453330A7 /* Pods_LazyAUITests.framework in Frameworks */,
			);
			runOnlyForDeploymentPostprocessing = 0;
		};
/* End PBXFrameworksBuildPhase section */

/* Begin PBXGroup section */
		2745B8332057628500485E6B /* View Controllers */ = {
			isa = PBXGroup;
			children = (
				2745B838205765E700485E6B /* ComponentTableViewController.swift */,
			);
			path = "View Controllers";
			sourceTree = "<group>";
		};
		275513A820534278001BDBB7 = {
			isa = PBXGroup;
			children = (
				275513B320534278001BDBB7 /* LazyA */,
				275513CB20534278001BDBB7 /* LazyATests */,
				275513D620534278001BDBB7 /* LazyAUITests */,
				275513B220534278001BDBB7 /* Products */,
				4D0350C05F236BE26F27ECC8 /* Pods */,
				692B33120A53A0CB45FD43F8 /* Frameworks */,
			);
			sourceTree = "<group>";
		};
		275513B220534278001BDBB7 /* Products */ = {
			isa = PBXGroup;
			children = (
				275513B120534278001BDBB7 /* LazyA.app */,
				275513C820534278001BDBB7 /* LazyATests.xctest */,
				275513D320534278001BDBB7 /* LazyAUITests.xctest */,
			);
			name = Products;
			sourceTree = "<group>";
		};
		275513B320534278001BDBB7 /* LazyA */ = {
			isa = PBXGroup;
			children = (
				27E3005C208407E600528725 /* Home Menu */,
				2773D161207826BB00E9B130 /* Extensions */,
				27D6CCE820781F2A00EB1DAA /* Creation */,
				2745B8332057628500485E6B /* View Controllers */,
				275513EC20534803001BDBB7 /* ViewModels */,
				275513E5205342CB001BDBB7 /* Models */,
				275513B420534278001BDBB7 /* AppDelegate.swift */,
				275513B620534278001BDBB7 /* ViewController.swift */,
				275513B820534278001BDBB7 /* Main.storyboard */,
				275513BE20534278001BDBB7 /* Assets.xcassets */,
				275513C020534278001BDBB7 /* LaunchScreen.storyboard */,
				275513C320534278001BDBB7 /* Info.plist */,
				275513BB20534278001BDBB7 /* LazyA.xcdatamodeld */,
				276EB4212081AA9D00EA86D7 /* AppStrings.swift */,
			);
			path = LazyA;
			sourceTree = "<group>";
		};
		275513CB20534278001BDBB7 /* LazyATests */ = {
			isa = PBXGroup;
			children = (
				275513CC20534278001BDBB7 /* LazyATests.swift */,
				275513CE20534278001BDBB7 /* Info.plist */,
			);
			path = LazyATests;
			sourceTree = "<group>";
		};
		275513D620534278001BDBB7 /* LazyAUITests */ = {
			isa = PBXGroup;
			children = (
				275513D720534278001BDBB7 /* LazyAUITests.swift */,
				275513D920534278001BDBB7 /* Info.plist */,
			);
			path = LazyAUITests;
			sourceTree = "<group>";
		};
		275513E5205342CB001BDBB7 /* Models */ = {
			isa = PBXGroup;
			children = (
				275513E620534348001BDBB7 /* Assignment.swift */,
				275513EA20534642001BDBB7 /* Course.swift */,
				27FDB3232077033C00DABF0A /* UserInfo.swift */,
				27FDB32520770C0200DABF0A /* Models.swift */,
				275D69C920771B0D000F36DF /* Component.swift */,
			);
			path = Models;
			sourceTree = "<group>";
		};
		275513EC20534803001BDBB7 /* ViewModels */ = {
			isa = PBXGroup;
			children = (
				275513ED20534815001BDBB7 /* CreateCourseViewModel2.swift */,
			);
			path = ViewModels;
			sourceTree = "<group>";
		};
		2773D161207826BB00E9B130 /* Extensions */ = {
			isa = PBXGroup;
			children = (
				2773D162207826CA00E9B130 /* ViewControllerExtensions.swift */,
			);
			path = Extensions;
			sourceTree = "<group>";
		};
		27D6CCE820781F2A00EB1DAA /* Creation */ = {
			isa = PBXGroup;
			children = (
				2745B836205762F400485E6B /* CreateCourse.storyboard */,
				27FD6F0B207ABE5E0012FA5C /* Create Component */,
				27FD6F0A207ABE500012FA5C /* Create Course */,
			);
			path = Creation;
			sourceTree = "<group>";
		};
		27E3005C208407E600528725 /* Home Menu */ = {
			isa = PBXGroup;
			children = (
				27E3005D208407F700528725 /* HomeMenu.storyboard */,
				27E3006120840CE100528725 /* HomeMenuViewController.swift */,
				27E3006320840D4D00528725 /* HomeMenuViewModel.swift */,
			);
			path = "Home Menu";
			sourceTree = "<group>";
		};
		27FD6F0A207ABE500012FA5C /* Create Course */ = {
			isa = PBXGroup;
			children = (
				27D6CCEB207820B600EB1DAA /* CreateCoursesViewModel.swift */,
				27D6CCE920781F8900EB1DAA /* CreateCourseTableViewController.swift */,
				2745B83A2057660100485E6B /* CreateCourseViewController.swift */,
			);
			path = "Create Course";
			sourceTree = "<group>";
		};
		27FD6F0B207ABE5E0012FA5C /* Create Component */ = {
			isa = PBXGroup;
			children = (
				2784B76420784C92004FE786 /* CreateComponentViewController.swift */,
				2784B76820784D2F004FE786 /* CreateComponentViewModel.swift */,
				2784B76A20785C11004FE786 /* ComponentTableViewCell.swift */,
			);
			path = "Create Component";
			sourceTree = "<group>";
		};
		4D0350C05F236BE26F27ECC8 /* Pods */ = {
			isa = PBXGroup;
			children = (
				1BFE0D6B348A35E33C2F2A1A /* Pods-LazyA.debug.xcconfig */,
				B58AEB8E5B993074D19322E1 /* Pods-LazyA.release.xcconfig */,
				9E1F2EF94EF40F39E41197A7 /* Pods-LazyATests.debug.xcconfig */,
				6BAE4D3DC6BFD059A2C25B5C /* Pods-LazyATests.release.xcconfig */,
				3A287E03A66E89436E0A98C1 /* Pods-LazyAUITests.debug.xcconfig */,
				7D0317FF77A7FA5E55393431 /* Pods-LazyAUITests.release.xcconfig */,
			);
			name = Pods;
			sourceTree = "<group>";
		};
		692B33120A53A0CB45FD43F8 /* Frameworks */ = {
			isa = PBXGroup;
			children = (
				A29D1E6FB6FC3BD4B66DC297 /* Pods_LazyA.framework */,
				5717CD681021C81B91FB8DE3 /* Pods_LazyATests.framework */,
				D1939A2EE4A480FE33D37029 /* Pods_LazyAUITests.framework */,
			);
			name = Frameworks;
			sourceTree = "<group>";
		};
/* End PBXGroup section */

/* Begin PBXNativeTarget section */
		275513B020534278001BDBB7 /* LazyA */ = {
			isa = PBXNativeTarget;
			buildConfigurationList = 275513DC20534278001BDBB7 /* Build configuration list for PBXNativeTarget "LazyA" */;
			buildPhases = (
				F4F391A618E5CCC0FBF6C969 /* [CP] Check Pods Manifest.lock */,
				275513AD20534278001BDBB7 /* Sources */,
				275513AE20534278001BDBB7 /* Frameworks */,
				275513AF20534278001BDBB7 /* Resources */,
				95204684D11B0C3EB733A75D /* [CP] Embed Pods Frameworks */,
				EC56BD30E754F75F60A70B2E /* [CP] Copy Pods Resources */,
			);
			buildRules = (
			);
			dependencies = (
			);
			name = LazyA;
			productName = LazyA;
			productReference = 275513B120534278001BDBB7 /* LazyA.app */;
			productType = "com.apple.product-type.application";
		};
		275513C720534278001BDBB7 /* LazyATests */ = {
			isa = PBXNativeTarget;
			buildConfigurationList = 275513DF20534278001BDBB7 /* Build configuration list for PBXNativeTarget "LazyATests" */;
			buildPhases = (
				F56F1E27C13225B5EA3BC5CF /* [CP] Check Pods Manifest.lock */,
				275513C420534278001BDBB7 /* Sources */,
				275513C520534278001BDBB7 /* Frameworks */,
				275513C620534278001BDBB7 /* Resources */,
				E0FAE3D7CB182CEF2A4070AE /* [CP] Embed Pods Frameworks */,
				7C037F2B99C7A2C74EB5A2D5 /* [CP] Copy Pods Resources */,
			);
			buildRules = (
			);
			dependencies = (
				275513CA20534278001BDBB7 /* PBXTargetDependency */,
			);
			name = LazyATests;
			productName = LazyATests;
			productReference = 275513C820534278001BDBB7 /* LazyATests.xctest */;
			productType = "com.apple.product-type.bundle.unit-test";
		};
		275513D220534278001BDBB7 /* LazyAUITests */ = {
			isa = PBXNativeTarget;
			buildConfigurationList = 275513E220534278001BDBB7 /* Build configuration list for PBXNativeTarget "LazyAUITests" */;
			buildPhases = (
				02305382868646E981BC6B1D /* [CP] Check Pods Manifest.lock */,
				275513CF20534278001BDBB7 /* Sources */,
				275513D020534278001BDBB7 /* Frameworks */,
				275513D120534278001BDBB7 /* Resources */,
				F1F80CD9C0C5D15E9BC0C31E /* [CP] Embed Pods Frameworks */,
				923E96FAF7B687F12391D87D /* [CP] Copy Pods Resources */,
			);
			buildRules = (
			);
			dependencies = (
				275513D520534278001BDBB7 /* PBXTargetDependency */,
			);
			name = LazyAUITests;
			productName = LazyAUITests;
			productReference = 275513D320534278001BDBB7 /* LazyAUITests.xctest */;
			productType = "com.apple.product-type.bundle.ui-testing";
		};
/* End PBXNativeTarget section */

/* Begin PBXProject section */
		275513A920534278001BDBB7 /* Project object */ = {
			isa = PBXProject;
			attributes = {
				LastSwiftUpdateCheck = 0920;
				LastUpgradeCheck = 0920;
				ORGANIZATIONNAME = Jetmax25;
				TargetAttributes = {
					275513B020534278001BDBB7 = {
						CreatedOnToolsVersion = 9.2;
						ProvisioningStyle = Automatic;
					};
					275513C720534278001BDBB7 = {
						CreatedOnToolsVersion = 9.2;
						ProvisioningStyle = Automatic;
						TestTargetID = 275513B020534278001BDBB7;
					};
					275513D220534278001BDBB7 = {
						CreatedOnToolsVersion = 9.2;
						ProvisioningStyle = Automatic;
						TestTargetID = 275513B020534278001BDBB7;
					};
				};
			};
			buildConfigurationList = 275513AC20534278001BDBB7 /* Build configuration list for PBXProject "LazyA" */;
			compatibilityVersion = "Xcode 8.0";
			developmentRegion = en;
			hasScannedForEncodings = 0;
			knownRegions = (
				en,
				Base,
			);
			mainGroup = 275513A820534278001BDBB7;
			productRefGroup = 275513B220534278001BDBB7 /* Products */;
			projectDirPath = "";
			projectRoot = "";
			targets = (
				275513B020534278001BDBB7 /* LazyA */,
				275513C720534278001BDBB7 /* LazyATests */,
				275513D220534278001BDBB7 /* LazyAUITests */,
			);
		};
/* End PBXProject section */

/* Begin PBXResourcesBuildPhase section */
		275513AF20534278001BDBB7 /* Resources */ = {
			isa = PBXResourcesBuildPhase;
			buildActionMask = 2147483647;
			files = (
				275513C220534278001BDBB7 /* LaunchScreen.storyboard in Resources */,
				2745B837205762F400485E6B /* CreateCourse.storyboard in Resources */,
				275513BF20534278001BDBB7 /* Assets.xcassets in Resources */,
				275513BA20534278001BDBB7 /* Main.storyboard in Resources */,
				27E3005E208407F700528725 /* HomeMenu.storyboard in Resources */,
			);
			runOnlyForDeploymentPostprocessing = 0;
		};
		275513C620534278001BDBB7 /* Resources */ = {
			isa = PBXResourcesBuildPhase;
			buildActionMask = 2147483647;
			files = (
			);
			runOnlyForDeploymentPostprocessing = 0;
		};
		275513D120534278001BDBB7 /* Resources */ = {
			isa = PBXResourcesBuildPhase;
			buildActionMask = 2147483647;
			files = (
			);
			runOnlyForDeploymentPostprocessing = 0;
		};
/* End PBXResourcesBuildPhase section */

/* Begin PBXShellScriptBuildPhase section */
		02305382868646E981BC6B1D /* [CP] Check Pods Manifest.lock */ = {
			isa = PBXShellScriptBuildPhase;
			buildActionMask = 2147483647;
			files = (
			);
			inputPaths = (
				"${PODS_PODFILE_DIR_PATH}/Podfile.lock",
				"${PODS_ROOT}/Manifest.lock",
			);
			name = "[CP] Check Pods Manifest.lock";
			outputPaths = (
				"$(DERIVED_FILE_DIR)/Pods-LazyAUITests-checkManifestLockResult.txt",
			);
			runOnlyForDeploymentPostprocessing = 0;
			shellPath = /bin/sh;
			shellScript = "diff \"${PODS_PODFILE_DIR_PATH}/Podfile.lock\" \"${PODS_ROOT}/Manifest.lock\" > /dev/null\nif [ $? != 0 ] ; then\n    # print error to STDERR\n    echo \"error: The sandbox is not in sync with the Podfile.lock. Run 'pod install' or update your CocoaPods installation.\" >&2\n    exit 1\nfi\n# This output is used by Xcode 'outputs' to avoid re-running this script phase.\necho \"SUCCESS\" > \"${SCRIPT_OUTPUT_FILE_0}\"\n";
			showEnvVarsInLog = 0;
		};
		7C037F2B99C7A2C74EB5A2D5 /* [CP] Copy Pods Resources */ = {
			isa = PBXShellScriptBuildPhase;
			buildActionMask = 2147483647;
			files = (
			);
			inputPaths = (
			);
			name = "[CP] Copy Pods Resources";
			outputPaths = (
			);
			runOnlyForDeploymentPostprocessing = 0;
			shellPath = /bin/sh;
			shellScript = "\"${SRCROOT}/Pods/Target Support Files/Pods-LazyATests/Pods-LazyATests-resources.sh\"\n";
			showEnvVarsInLog = 0;
		};
		923E96FAF7B687F12391D87D /* [CP] Copy Pods Resources */ = {
			isa = PBXShellScriptBuildPhase;
			buildActionMask = 2147483647;
			files = (
			);
			inputPaths = (
			);
			name = "[CP] Copy Pods Resources";
			outputPaths = (
			);
			runOnlyForDeploymentPostprocessing = 0;
			shellPath = /bin/sh;
			shellScript = "\"${SRCROOT}/Pods/Target Support Files/Pods-LazyAUITests/Pods-LazyAUITests-resources.sh\"\n";
			showEnvVarsInLog = 0;
		};
		95204684D11B0C3EB733A75D /* [CP] Embed Pods Frameworks */ = {
			isa = PBXShellScriptBuildPhase;
			buildActionMask = 2147483647;
			files = (
			);
			inputPaths = (
				"${SRCROOT}/Pods/Target Support Files/Pods-LazyA/Pods-LazyA-frameworks.sh",
				"${BUILT_PRODUCTS_DIR}/Charts/Charts.framework",
				"${BUILT_PRODUCTS_DIR}/Realm/Realm.framework",
				"${BUILT_PRODUCTS_DIR}/RealmSwift/RealmSwift.framework",
			);
			name = "[CP] Embed Pods Frameworks";
			outputPaths = (
				"${TARGET_BUILD_DIR}/${FRAMEWORKS_FOLDER_PATH}/Charts.framework",
				"${TARGET_BUILD_DIR}/${FRAMEWORKS_FOLDER_PATH}/Realm.framework",
				"${TARGET_BUILD_DIR}/${FRAMEWORKS_FOLDER_PATH}/RealmSwift.framework",
			);
			runOnlyForDeploymentPostprocessing = 0;
			shellPath = /bin/sh;
			shellScript = "\"${SRCROOT}/Pods/Target Support Files/Pods-LazyA/Pods-LazyA-frameworks.sh\"\n";
			showEnvVarsInLog = 0;
		};
		E0FAE3D7CB182CEF2A4070AE /* [CP] Embed Pods Frameworks */ = {
			isa = PBXShellScriptBuildPhase;
			buildActionMask = 2147483647;
			files = (
			);
			inputPaths = (
			);
			name = "[CP] Embed Pods Frameworks";
			outputPaths = (
			);
			runOnlyForDeploymentPostprocessing = 0;
			shellPath = /bin/sh;
			shellScript = "\"${SRCROOT}/Pods/Target Support Files/Pods-LazyATests/Pods-LazyATests-frameworks.sh\"\n";
			showEnvVarsInLog = 0;
		};
		EC56BD30E754F75F60A70B2E /* [CP] Copy Pods Resources */ = {
			isa = PBXShellScriptBuildPhase;
			buildActionMask = 2147483647;
			files = (
			);
			inputPaths = (
			);
			name = "[CP] Copy Pods Resources";
			outputPaths = (
			);
			runOnlyForDeploymentPostprocessing = 0;
			shellPath = /bin/sh;
			shellScript = "\"${SRCROOT}/Pods/Target Support Files/Pods-LazyA/Pods-LazyA-resources.sh\"\n";
			showEnvVarsInLog = 0;
		};
		F1F80CD9C0C5D15E9BC0C31E /* [CP] Embed Pods Frameworks */ = {
			isa = PBXShellScriptBuildPhase;
			buildActionMask = 2147483647;
			files = (
			);
			inputPaths = (
			);
			name = "[CP] Embed Pods Frameworks";
			outputPaths = (
			);
			runOnlyForDeploymentPostprocessing = 0;
			shellPath = /bin/sh;
			shellScript = "\"${SRCROOT}/Pods/Target Support Files/Pods-LazyAUITests/Pods-LazyAUITests-frameworks.sh\"\n";
			showEnvVarsInLog = 0;
		};
		F4F391A618E5CCC0FBF6C969 /* [CP] Check Pods Manifest.lock */ = {
			isa = PBXShellScriptBuildPhase;
			buildActionMask = 2147483647;
			files = (
			);
			inputPaths = (
				"${PODS_PODFILE_DIR_PATH}/Podfile.lock",
				"${PODS_ROOT}/Manifest.lock",
			);
			name = "[CP] Check Pods Manifest.lock";
			outputPaths = (
				"$(DERIVED_FILE_DIR)/Pods-LazyA-checkManifestLockResult.txt",
			);
			runOnlyForDeploymentPostprocessing = 0;
			shellPath = /bin/sh;
			shellScript = "diff \"${PODS_PODFILE_DIR_PATH}/Podfile.lock\" \"${PODS_ROOT}/Manifest.lock\" > /dev/null\nif [ $? != 0 ] ; then\n    # print error to STDERR\n    echo \"error: The sandbox is not in sync with the Podfile.lock. Run 'pod install' or update your CocoaPods installation.\" >&2\n    exit 1\nfi\n# This output is used by Xcode 'outputs' to avoid re-running this script phase.\necho \"SUCCESS\" > \"${SCRIPT_OUTPUT_FILE_0}\"\n";
			showEnvVarsInLog = 0;
		};
		F56F1E27C13225B5EA3BC5CF /* [CP] Check Pods Manifest.lock */ = {
			isa = PBXShellScriptBuildPhase;
			buildActionMask = 2147483647;
			files = (
			);
			inputPaths = (
				"${PODS_PODFILE_DIR_PATH}/Podfile.lock",
				"${PODS_ROOT}/Manifest.lock",
			);
			name = "[CP] Check Pods Manifest.lock";
			outputPaths = (
				"$(DERIVED_FILE_DIR)/Pods-LazyATests-checkManifestLockResult.txt",
			);
			runOnlyForDeploymentPostprocessing = 0;
			shellPath = /bin/sh;
			shellScript = "diff \"${PODS_PODFILE_DIR_PATH}/Podfile.lock\" \"${PODS_ROOT}/Manifest.lock\" > /dev/null\nif [ $? != 0 ] ; then\n    # print error to STDERR\n    echo \"error: The sandbox is not in sync with the Podfile.lock. Run 'pod install' or update your CocoaPods installation.\" >&2\n    exit 1\nfi\n# This output is used by Xcode 'outputs' to avoid re-running this script phase.\necho \"SUCCESS\" > \"${SCRIPT_OUTPUT_FILE_0}\"\n";
			showEnvVarsInLog = 0;
		};
/* End PBXShellScriptBuildPhase section */

/* Begin PBXSourcesBuildPhase section */
		275513AD20534278001BDBB7 /* Sources */ = {
			isa = PBXSourcesBuildPhase;
			buildActionMask = 2147483647;
			files = (
				276EB4222081AA9D00EA86D7 /* AppStrings.swift in Sources */,
				27D6CCEC207820B600EB1DAA /* CreateCoursesViewModel.swift in Sources */,
				27D6CCEA20781F8900EB1DAA /* CreateCourseTableViewController.swift in Sources */,
				27FDB32620770C0200DABF0A /* Models.swift in Sources */,
				275513EB20534642001BDBB7 /* Course.swift in Sources */,
				2745B83B2057660100485E6B /* CreateCourseViewController.swift in Sources */,
				275513E720534348001BDBB7 /* Assignment.swift in Sources */,
				2773D163207826CA00E9B130 /* ViewControllerExtensions.swift in Sources */,
				27E3006420840D4D00528725 /* HomeMenuViewModel.swift in Sources */,
				275D69CA20771B0D000F36DF /* Component.swift in Sources */,
				27E3006220840CE100528725 /* HomeMenuViewController.swift in Sources */,
				2745B839205765E700485E6B /* ComponentTableViewController.swift in Sources */,
				275513EE20534815001BDBB7 /* CreateCourseViewModel2.swift in Sources */,
				275513BD20534278001BDBB7 /* LazyA.xcdatamodeld in Sources */,
				2784B76520784C92004FE786 /* CreateComponentViewController.swift in Sources */,
				2784B76920784D2F004FE786 /* CreateComponentViewModel.swift in Sources */,
				275513B720534278001BDBB7 /* ViewController.swift in Sources */,
				275513B520534278001BDBB7 /* AppDelegate.swift in Sources */,
				2784B76B20785C11004FE786 /* ComponentTableViewCell.swift in Sources */,
				27FDB3242077033C00DABF0A /* UserInfo.swift in Sources */,
			);
			runOnlyForDeploymentPostprocessing = 0;
		};
		275513C420534278001BDBB7 /* Sources */ = {
			isa = PBXSourcesBuildPhase;
			buildActionMask = 2147483647;
			files = (
				275513CD20534278001BDBB7 /* LazyATests.swift in Sources */,
			);
			runOnlyForDeploymentPostprocessing = 0;
		};
		275513CF20534278001BDBB7 /* Sources */ = {
			isa = PBXSourcesBuildPhase;
			buildActionMask = 2147483647;
			files = (
				275513D820534278001BDBB7 /* LazyAUITests.swift in Sources */,
			);
			runOnlyForDeploymentPostprocessing = 0;
		};
/* End PBXSourcesBuildPhase section */

/* Begin PBXTargetDependency section */
		275513CA20534278001BDBB7 /* PBXTargetDependency */ = {
			isa = PBXTargetDependency;
			target = 275513B020534278001BDBB7 /* LazyA */;
			targetProxy = 275513C920534278001BDBB7 /* PBXContainerItemProxy */;
		};
		275513D520534278001BDBB7 /* PBXTargetDependency */ = {
			isa = PBXTargetDependency;
			target = 275513B020534278001BDBB7 /* LazyA */;
			targetProxy = 275513D420534278001BDBB7 /* PBXContainerItemProxy */;
		};
/* End PBXTargetDependency section */

/* Begin PBXVariantGroup section */
		275513B820534278001BDBB7 /* Main.storyboard */ = {
			isa = PBXVariantGroup;
			children = (
				275513B920534278001BDBB7 /* Base */,
			);
			name = Main.storyboard;
			sourceTree = "<group>";
		};
		275513C020534278001BDBB7 /* LaunchScreen.storyboard */ = {
			isa = PBXVariantGroup;
			children = (
				275513C120534278001BDBB7 /* Base */,
			);
			name = LaunchScreen.storyboard;
			sourceTree = "<group>";
		};
/* End PBXVariantGroup section */

/* Begin XCBuildConfiguration section */
		275513DA20534278001BDBB7 /* Debug */ = {
			isa = XCBuildConfiguration;
			buildSettings = {
				ALWAYS_SEARCH_USER_PATHS = NO;
				CLANG_ANALYZER_NONNULL = YES;
				CLANG_ANALYZER_NUMBER_OBJECT_CONVERSION = YES_AGGRESSIVE;
				CLANG_CXX_LANGUAGE_STANDARD = "gnu++14";
				CLANG_CXX_LIBRARY = "libc++";
				CLANG_ENABLE_MODULES = YES;
				CLANG_ENABLE_OBJC_ARC = YES;
				CLANG_WARN_BLOCK_CAPTURE_AUTORELEASING = YES;
				CLANG_WARN_BOOL_CONVERSION = YES;
				CLANG_WARN_COMMA = YES;
				CLANG_WARN_CONSTANT_CONVERSION = YES;
				CLANG_WARN_DIRECT_OBJC_ISA_USAGE = YES_ERROR;
				CLANG_WARN_DOCUMENTATION_COMMENTS = YES;
				CLANG_WARN_EMPTY_BODY = YES;
				CLANG_WARN_ENUM_CONVERSION = YES;
				CLANG_WARN_INFINITE_RECURSION = YES;
				CLANG_WARN_INT_CONVERSION = YES;
				CLANG_WARN_NON_LITERAL_NULL_CONVERSION = YES;
				CLANG_WARN_OBJC_LITERAL_CONVERSION = YES;
				CLANG_WARN_OBJC_ROOT_CLASS = YES_ERROR;
				CLANG_WARN_RANGE_LOOP_ANALYSIS = YES;
				CLANG_WARN_STRICT_PROTOTYPES = YES;
				CLANG_WARN_SUSPICIOUS_MOVE = YES;
				CLANG_WARN_UNGUARDED_AVAILABILITY = YES_AGGRESSIVE;
				CLANG_WARN_UNREACHABLE_CODE = YES;
				CLANG_WARN__DUPLICATE_METHOD_MATCH = YES;
				CODE_SIGN_IDENTITY = "iPhone Developer";
				COPY_PHASE_STRIP = NO;
				DEBUG_INFORMATION_FORMAT = dwarf;
				ENABLE_STRICT_OBJC_MSGSEND = YES;
				ENABLE_TESTABILITY = YES;
				GCC_C_LANGUAGE_STANDARD = gnu11;
				GCC_DYNAMIC_NO_PIC = NO;
				GCC_NO_COMMON_BLOCKS = YES;
				GCC_OPTIMIZATION_LEVEL = 0;
				GCC_PREPROCESSOR_DEFINITIONS = (
					"DEBUG=1",
					"$(inherited)",
				);
				GCC_WARN_64_TO_32_BIT_CONVERSION = YES;
				GCC_WARN_ABOUT_RETURN_TYPE = YES_ERROR;
				GCC_WARN_UNDECLARED_SELECTOR = YES;
				GCC_WARN_UNINITIALIZED_AUTOS = YES_AGGRESSIVE;
				GCC_WARN_UNUSED_FUNCTION = YES;
				GCC_WARN_UNUSED_VARIABLE = YES;
				IPHONEOS_DEPLOYMENT_TARGET = 11.2;
				MTL_ENABLE_DEBUG_INFO = YES;
				ONLY_ACTIVE_ARCH = YES;
				SDKROOT = iphoneos;
				SWIFT_ACTIVE_COMPILATION_CONDITIONS = DEBUG;
				SWIFT_OPTIMIZATION_LEVEL = "-Onone";
			};
			name = Debug;
		};
		275513DB20534278001BDBB7 /* Release */ = {
			isa = XCBuildConfiguration;
			buildSettings = {
				ALWAYS_SEARCH_USER_PATHS = NO;
				CLANG_ANALYZER_NONNULL = YES;
				CLANG_ANALYZER_NUMBER_OBJECT_CONVERSION = YES_AGGRESSIVE;
				CLANG_CXX_LANGUAGE_STANDARD = "gnu++14";
				CLANG_CXX_LIBRARY = "libc++";
				CLANG_ENABLE_MODULES = YES;
				CLANG_ENABLE_OBJC_ARC = YES;
				CLANG_WARN_BLOCK_CAPTURE_AUTORELEASING = YES;
				CLANG_WARN_BOOL_CONVERSION = YES;
				CLANG_WARN_COMMA = YES;
				CLANG_WARN_CONSTANT_CONVERSION = YES;
				CLANG_WARN_DIRECT_OBJC_ISA_USAGE = YES_ERROR;
				CLANG_WARN_DOCUMENTATION_COMMENTS = YES;
				CLANG_WARN_EMPTY_BODY = YES;
				CLANG_WARN_ENUM_CONVERSION = YES;
				CLANG_WARN_INFINITE_RECURSION = YES;
				CLANG_WARN_INT_CONVERSION = YES;
				CLANG_WARN_NON_LITERAL_NULL_CONVERSION = YES;
				CLANG_WARN_OBJC_LITERAL_CONVERSION = YES;
				CLANG_WARN_OBJC_ROOT_CLASS = YES_ERROR;
				CLANG_WARN_RANGE_LOOP_ANALYSIS = YES;
				CLANG_WARN_STRICT_PROTOTYPES = YES;
				CLANG_WARN_SUSPICIOUS_MOVE = YES;
				CLANG_WARN_UNGUARDED_AVAILABILITY = YES_AGGRESSIVE;
				CLANG_WARN_UNREACHABLE_CODE = YES;
				CLANG_WARN__DUPLICATE_METHOD_MATCH = YES;
				CODE_SIGN_IDENTITY = "iPhone Developer";
				COPY_PHASE_STRIP = NO;
				DEBUG_INFORMATION_FORMAT = "dwarf-with-dsym";
				ENABLE_NS_ASSERTIONS = NO;
				ENABLE_STRICT_OBJC_MSGSEND = YES;
				GCC_C_LANGUAGE_STANDARD = gnu11;
				GCC_NO_COMMON_BLOCKS = YES;
				GCC_WARN_64_TO_32_BIT_CONVERSION = YES;
				GCC_WARN_ABOUT_RETURN_TYPE = YES_ERROR;
				GCC_WARN_UNDECLARED_SELECTOR = YES;
				GCC_WARN_UNINITIALIZED_AUTOS = YES_AGGRESSIVE;
				GCC_WARN_UNUSED_FUNCTION = YES;
				GCC_WARN_UNUSED_VARIABLE = YES;
				IPHONEOS_DEPLOYMENT_TARGET = 11.2;
				MTL_ENABLE_DEBUG_INFO = NO;
				SDKROOT = iphoneos;
				SWIFT_OPTIMIZATION_LEVEL = "-Owholemodule";
				VALIDATE_PRODUCT = YES;
			};
			name = Release;
		};
		275513DD20534278001BDBB7 /* Debug */ = {
			isa = XCBuildConfiguration;
			baseConfigurationReference = 1BFE0D6B348A35E33C2F2A1A /* Pods-LazyA.debug.xcconfig */;
			buildSettings = {
				ASSETCATALOG_COMPILER_APPICON_NAME = AppIcon;
				CODE_SIGN_STYLE = Automatic;
				DEVELOPMENT_TEAM = 363P6K3ZSX;
				INFOPLIST_FILE = LazyA/Info.plist;
				LD_RUNPATH_SEARCH_PATHS = "$(inherited) @executable_path/Frameworks";
				PRODUCT_BUNDLE_IDENTIFIER = com.JetmaxStudios.LazyA;
				PRODUCT_NAME = "$(TARGET_NAME)";
				SWIFT_VERSION = 4.0;
				TARGETED_DEVICE_FAMILY = "1,2";
			};
			name = Debug;
		};
		275513DE20534278001BDBB7 /* Release */ = {
			isa = XCBuildConfiguration;
			baseConfigurationReference = B58AEB8E5B993074D19322E1 /* Pods-LazyA.release.xcconfig */;
			buildSettings = {
				ASSETCATALOG_COMPILER_APPICON_NAME = AppIcon;
				CODE_SIGN_STYLE = Automatic;
				DEVELOPMENT_TEAM = 363P6K3ZSX;
				INFOPLIST_FILE = LazyA/Info.plist;
				LD_RUNPATH_SEARCH_PATHS = "$(inherited) @executable_path/Frameworks";
				PRODUCT_BUNDLE_IDENTIFIER = com.JetmaxStudios.LazyA;
				PRODUCT_NAME = "$(TARGET_NAME)";
				SWIFT_VERSION = 4.0;
				TARGETED_DEVICE_FAMILY = "1,2";
			};
			name = Release;
		};
		275513E020534278001BDBB7 /* Debug */ = {
			isa = XCBuildConfiguration;
			baseConfigurationReference = 9E1F2EF94EF40F39E41197A7 /* Pods-LazyATests.debug.xcconfig */;
			buildSettings = {
				ALWAYS_EMBED_SWIFT_STANDARD_LIBRARIES = YES;
				BUNDLE_LOADER = "$(TEST_HOST)";
				CODE_SIGN_STYLE = Automatic;
				DEVELOPMENT_TEAM = 363P6K3ZSX;
				INFOPLIST_FILE = LazyATests/Info.plist;
				LD_RUNPATH_SEARCH_PATHS = "$(inherited) @executable_path/Frameworks @loader_path/Frameworks";
				PRODUCT_BUNDLE_IDENTIFIER = com.JetmaxStudios.LazyATests;
				PRODUCT_NAME = "$(TARGET_NAME)";
				SWIFT_VERSION = 4.0;
				TARGETED_DEVICE_FAMILY = "1,2";
				TEST_HOST = "$(BUILT_PRODUCTS_DIR)/LazyA.app/LazyA";
			};
			name = Debug;
		};
		275513E120534278001BDBB7 /* Release */ = {
			isa = XCBuildConfiguration;
			baseConfigurationReference = 6BAE4D3DC6BFD059A2C25B5C /* Pods-LazyATests.release.xcconfig */;
			buildSettings = {
				ALWAYS_EMBED_SWIFT_STANDARD_LIBRARIES = YES;
				BUNDLE_LOADER = "$(TEST_HOST)";
				CODE_SIGN_STYLE = Automatic;
				DEVELOPMENT_TEAM = 363P6K3ZSX;
				INFOPLIST_FILE = LazyATests/Info.plist;
				LD_RUNPATH_SEARCH_PATHS = "$(inherited) @executable_path/Frameworks @loader_path/Frameworks";
				PRODUCT_BUNDLE_IDENTIFIER = com.JetmaxStudios.LazyATests;
				PRODUCT_NAME = "$(TARGET_NAME)";
				SWIFT_VERSION = 4.0;
				TARGETED_DEVICE_FAMILY = "1,2";
				TEST_HOST = "$(BUILT_PRODUCTS_DIR)/LazyA.app/LazyA";
			};
			name = Release;
		};
		275513E320534278001BDBB7 /* Debug */ = {
			isa = XCBuildConfiguration;
			baseConfigurationReference = 3A287E03A66E89436E0A98C1 /* Pods-LazyAUITests.debug.xcconfig */;
			buildSettings = {
				ALWAYS_EMBED_SWIFT_STANDARD_LIBRARIES = YES;
				CODE_SIGN_STYLE = Automatic;
				DEVELOPMENT_TEAM = 363P6K3ZSX;
				INFOPLIST_FILE = LazyAUITests/Info.plist;
				LD_RUNPATH_SEARCH_PATHS = "$(inherited) @executable_path/Frameworks @loader_path/Frameworks";
				PRODUCT_BUNDLE_IDENTIFIER = com.JetmaxStudios.LazyAUITests;
				PRODUCT_NAME = "$(TARGET_NAME)";
				SWIFT_VERSION = 4.0;
				TARGETED_DEVICE_FAMILY = "1,2";
				TEST_TARGET_NAME = LazyA;
			};
			name = Debug;
		};
		275513E420534278001BDBB7 /* Release */ = {
			isa = XCBuildConfiguration;
			baseConfigurationReference = 7D0317FF77A7FA5E55393431 /* Pods-LazyAUITests.release.xcconfig */;
			buildSettings = {
				ALWAYS_EMBED_SWIFT_STANDARD_LIBRARIES = YES;
				CODE_SIGN_STYLE = Automatic;
				DEVELOPMENT_TEAM = 363P6K3ZSX;
				INFOPLIST_FILE = LazyAUITests/Info.plist;
				LD_RUNPATH_SEARCH_PATHS = "$(inherited) @executable_path/Frameworks @loader_path/Frameworks";
				PRODUCT_BUNDLE_IDENTIFIER = com.JetmaxStudios.LazyAUITests;
				PRODUCT_NAME = "$(TARGET_NAME)";
				SWIFT_VERSION = 4.0;
				TARGETED_DEVICE_FAMILY = "1,2";
				TEST_TARGET_NAME = LazyA;
			};
			name = Release;
		};
/* End XCBuildConfiguration section */

/* Begin XCConfigurationList section */
		275513AC20534278001BDBB7 /* Build configuration list for PBXProject "LazyA" */ = {
			isa = XCConfigurationList;
			buildConfigurations = (
				275513DA20534278001BDBB7 /* Debug */,
				275513DB20534278001BDBB7 /* Release */,
			);
			defaultConfigurationIsVisible = 0;
			defaultConfigurationName = Release;
		};
		275513DC20534278001BDBB7 /* Build configuration list for PBXNativeTarget "LazyA" */ = {
			isa = XCConfigurationList;
			buildConfigurations = (
				275513DD20534278001BDBB7 /* Debug */,
				275513DE20534278001BDBB7 /* Release */,
			);
			defaultConfigurationIsVisible = 0;
			defaultConfigurationName = Release;
		};
		275513DF20534278001BDBB7 /* Build configuration list for PBXNativeTarget "LazyATests" */ = {
			isa = XCConfigurationList;
			buildConfigurations = (
				275513E020534278001BDBB7 /* Debug */,
				275513E120534278001BDBB7 /* Release */,
			);
			defaultConfigurationIsVisible = 0;
			defaultConfigurationName = Release;
		};
		275513E220534278001BDBB7 /* Build configuration list for PBXNativeTarget "LazyAUITests" */ = {
			isa = XCConfigurationList;
			buildConfigurations = (
				275513E320534278001BDBB7 /* Debug */,
				275513E420534278001BDBB7 /* Release */,
			);
			defaultConfigurationIsVisible = 0;
			defaultConfigurationName = Release;
		};
/* End XCConfigurationList section */

/* Begin XCVersionGroup section */
		275513BB20534278001BDBB7 /* LazyA.xcdatamodeld */ = {
			isa = XCVersionGroup;
			children = (
				275513BC20534278001BDBB7 /* LazyA.xcdatamodel */,
			);
			currentVersion = 275513BC20534278001BDBB7 /* LazyA.xcdatamodel */;
			path = LazyA.xcdatamodeld;
			sourceTree = "<group>";
			versionGroupType = wrapper.xcdatamodel;
		};
/* End XCVersionGroup section */
	};
	rootObject = 275513A920534278001BDBB7 /* Project object */;
}
